
Microsoft Visual Studio Solution File, Format Version 12.00
# Visual Studio Version 18
VisualStudioVersion = 18.0.11018.127
MinimumVisualStudioVersion = 10.0.40219.1
Project("{FAE04EC0-301F-11D3-BF4B-00C04F79EFBC}") = "BizName.Studio.Api", "BizName.Studio.Api\BizName.Studio.Api.csproj", "{A4BF474A-A148-466A-9DA2-3C29660ED9AF}"
EndProject
Project("{FAE04EC0-301F-11D3-BF4B-00C04F79EFBC}") = "BizName.Studio.App", "BizName.Studio.App\BizName.Studio.App.csproj", "{ED90AAC0-EEA1-4E1A-BD06-80DF56799D51}"
EndProject
Project("{FAE04EC0-301F-11D3-BF4B-00C04F79EFBC}") = "BizName.Studio.Data", "BizName.Studio.Data\BizName.Studio.Data.csproj", "{0748DBE9-5E75-46BD-B87B-52D4C1CC2AAA}"
EndProject
Project("{FAE04EC0-301F-11D3-BF4B-00C04F79EFBC}") = "BizName.Studio.Infra", "BizName.Studio.Infra\BizName.Studio.Infra.csproj", "{70FCF468-E275-4AC3-AE15-5B927C1CFC47}"
EndProject
Project("{2150E333-8FDC-42A3-9474-1A3956D46DE8}") = "Studio", "Studio", "{C7BC205A-7ABD-43E8-AABC-232F4C519ABB}"
EndProject
Project("{FAE04EC0-301F-11D3-BF4B-00C04F79EFBC}") = "BizName.Studio.Data.IntegrationTests", "BizName.Studio.Data.IntegrationTests\BizName.Studio.Data.IntegrationTests.csproj", "{B97F003B-F40F-4313-9A87-EB0A151A4FF9}"
EndProject
Project("{FAE04EC0-301F-11D3-BF4B-00C04F79EFBC}") = "BizName.Studio.Api.IntegrationTests", "BizName.Studio.Api.IntegrationTests\BizName.Studio.Api.IntegrationTests.csproj", "{E728C248-6A0F-4172-B1EC-E70E639E3EC7}"
EndProject
Project("{FAE04EC0-301F-11D3-BF4B-00C04F79EFBC}") = "BizName.Studio.Contracts", "BizName.Studio.Contracts\BizName.Studio.Contracts.csproj", "{44858CFC-9C7F-4371-BCA7-F9FA73CFFBC9}"
EndProject
Project("{2150E333-8FDC-42A3-9474-1A3956D46DE8}") = "IntegrationTests", "IntegrationTests", "{616757C4-B72A-4E08-8702-0E2912434061}"
EndProject
Project("{2150E333-8FDC-42A3-9474-1A3956D46DE8}") = "UnitTests", "UnitTests", "{DE4AC333-3119-4185-BC37-39D75B71712D}"
EndProject
Project("{FAE04EC0-301F-11D3-BF4B-00C04F79EFBC}") = "BizName.Studio.Contracts.UnitTests", "BizName.Studio.Contracts.UnitTests\BizName.Studio.Contracts.UnitTests.csproj", "{9BF5EAA5-8D6E-4353-9052-530FF4F3CA3E}"
EndProject
Project("{FAE04EC0-301F-11D3-BF4B-00C04F79EFBC}") = "BizName.Studio.Data.UnitTests", "BizName.Studio.Data.UnitTests\BizName.Studio.Data.UnitTests.csproj", "{19D66940-0EB1-4B35-B2D1-2F5CCE0CC86F}"
EndProject
Project("{FAE04EC0-301F-11D3-BF4B-00C04F79EFBC}") = "BizName.Studio.App.UnitTests", "BizName.Studio.App.UnitTests\BizName.Studio.App.UnitTests.csproj", "{582BE2BB-947D-4807-8E0A-55FA1259E93D}"
EndProject
Global
	GlobalSection(SolutionConfigurationPlatforms) = preSolution
		Debug|Any CPU = Debug|Any CPU
		Debug|x64 = Debug|x64
		Debug|x86 = Debug|x86
		Release|Any CPU = Release|Any CPU
		Release|x64 = Release|x64
		Release|x86 = Release|x86
	EndGlobalSection
	GlobalSection(ProjectConfigurationPlatforms) = postSolution
		{A4BF474A-A148-466A-9DA2-3C29660ED9AF}.Debug|Any CPU.ActiveCfg = Debug|Any CPU
		{A4BF474A-A148-466A-9DA2-3C29660ED9AF}.Debug|Any CPU.Build.0 = Debug|Any CPU
		{A4BF474A-A148-466A-9DA2-3C29660ED9AF}.Debug|x64.ActiveCfg = Debug|Any CPU
		{A4BF474A-A148-466A-9DA2-3C29660ED9AF}.Debug|x64.Build.0 = Debug|Any CPU
		{A4BF474A-A148-466A-9DA2-3C29660ED9AF}.Debug|x86.ActiveCfg = Debug|Any CPU
		{A4BF474A-A148-466A-9DA2-3C29660ED9AF}.Debug|x86.Build.0 = Debug|Any CPU
		{A4BF474A-A148-466A-9DA2-3C29660ED9AF}.Release|Any CPU.ActiveCfg = Release|Any CPU
		{A4BF474A-A148-466A-9DA2-3C29660ED9AF}.Release|Any CPU.Build.0 = Release|Any CPU
		{A4BF474A-A148-466A-9DA2-3C29660ED9AF}.Release|x64.ActiveCfg = Release|Any CPU
		{A4BF474A-A148-466A-9DA2-3C29660ED9AF}.Release|x64.Build.0 = Release|Any CPU
		{A4BF474A-A148-466A-9DA2-3C29660ED9AF}.Release|x86.ActiveCfg = Release|Any CPU
		{A4BF474A-A148-466A-9DA2-3C29660ED9AF}.Release|x86.Build.0 = Release|Any CPU
		{ED90AAC0-EEA1-4E1A-BD06-80DF56799D51}.Debug|Any CPU.ActiveCfg = Debug|Any CPU
		{ED90AAC0-EEA1-4E1A-BD06-80DF56799D51}.Debug|Any CPU.Build.0 = Debug|Any CPU
		{ED90AAC0-EEA1-4E1A-BD06-80DF56799D51}.Debug|x64.ActiveCfg = Debug|Any CPU
		{ED90AAC0-EEA1-4E1A-BD06-80DF56799D51}.Debug|x64.Build.0 = Debug|Any CPU
		{ED90AAC0-EEA1-4E1A-BD06-80DF56799D51}.Debug|x86.ActiveCfg = Debug|Any CPU
		{ED90AAC0-EEA1-4E1A-BD06-80DF56799D51}.Debug|x86.Build.0 = Debug|Any CPU
		{ED90AAC0-EEA1-4E1A-BD06-80DF56799D51}.Release|Any CPU.ActiveCfg = Release|Any CPU
		{ED90AAC0-EEA1-4E1A-BD06-80DF56799D51}.Release|Any CPU.Build.0 = Release|Any CPU
		{ED90AAC0-EEA1-4E1A-BD06-80DF56799D51}.Release|x64.ActiveCfg = Release|Any CPU
		{ED90AAC0-EEA1-4E1A-BD06-80DF56799D51}.Release|x64.Build.0 = Release|Any CPU
		{ED90AAC0-EEA1-4E1A-BD06-80DF56799D51}.Release|x86.ActiveCfg = Release|Any CPU
		{ED90AAC0-EEA1-4E1A-BD06-80DF56799D51}.Release|x86.Build.0 = Release|Any CPU
		{0748DBE9-5E75-46BD-B87B-52D4C1CC2AAA}.Debug|Any CPU.ActiveCfg = Debug|Any CPU
		{0748DBE9-5E75-46BD-B87B-52D4C1CC2AAA}.Debug|Any CPU.Build.0 = Debug|Any CPU
		{0748DBE9-5E75-46BD-B87B-52D4C1CC2AAA}.Debug|x64.ActiveCfg = Debug|Any CPU
		{0748DBE9-5E75-46BD-B87B-52D4C1CC2AAA}.Debug|x64.Build.0 = Debug|Any CPU
		{0748DBE9-5E75-46BD-B87B-52D4C1CC2AAA}.Debug|x86.ActiveCfg = Debug|Any CPU
		{0748DBE9-5E75-46BD-B87B-52D4C1CC2AAA}.Debug|x86.Build.0 = Debug|Any CPU
		{0748DBE9-5E75-46BD-B87B-52D4C1CC2AAA}.Release|Any CPU.ActiveCfg = Release|Any CPU
		{0748DBE9-5E75-46BD-B87B-52D4C1CC2AAA}.Release|Any CPU.Build.0 = Release|Any CPU
		{0748DBE9-5E75-46BD-B87B-52D4C1CC2AAA}.Release|x64.ActiveCfg = Release|Any CPU
		{0748DBE9-5E75-46BD-B87B-52D4C1CC2AAA}.Release|x64.Build.0 = Release|Any CPU
		{0748DBE9-5E75-46BD-B87B-52D4C1CC2AAA}.Release|x86.ActiveCfg = Release|Any CPU
		{0748DBE9-5E75-46BD-B87B-52D4C1CC2AAA}.Release|x86.Build.0 = Release|Any CPU
		{70FCF468-E275-4AC3-AE15-5B927C1CFC47}.Debug|Any CPU.ActiveCfg = Debug|Any CPU
		{70FCF468-E275-4AC3-AE15-5B927C1CFC47}.Debug|Any CPU.Build.0 = Debug|Any CPU
		{70FCF468-E275-4AC3-AE15-5B927C1CFC47}.Debug|x64.ActiveCfg = Debug|Any CPU
		{70FCF468-E275-4AC3-AE15-5B927C1CFC47}.Debug|x64.Build.0 = Debug|Any CPU
		{70FCF468-E275-4AC3-AE15-5B927C1CFC47}.Debug|x86.ActiveCfg = Debug|Any CPU
		{70FCF468-E275-4AC3-AE15-5B927C1CFC47}.Debug|x86.Build.0 = Debug|Any CPU
		{70FCF468-E275-4AC3-AE15-5B927C1CFC47}.Release|Any CPU.ActiveCfg = Release|Any CPU
		{70FCF468-E275-4AC3-AE15-5B927C1CFC47}.Release|Any CPU.Build.0 = Release|Any CPU
		{70FCF468-E275-4AC3-AE15-5B927C1CFC47}.Release|x64.ActiveCfg = Release|Any CPU
		{70FCF468-E275-4AC3-AE15-5B927C1CFC47}.Release|x64.Build.0 = Release|Any CPU
		{70FCF468-E275-4AC3-AE15-5B927C1CFC47}.Release|x86.ActiveCfg = Release|Any CPU
		{70FCF468-E275-4AC3-AE15-5B927C1CFC47}.Release|x86.Build.0 = Release|Any CPU
		{B97F003B-F40F-4313-9A87-EB0A151A4FF9}.Debug|Any CPU.ActiveCfg = Debug|Any CPU
		{B97F003B-F40F-4313-9A87-EB0A151A4FF9}.Debug|Any CPU.Build.0 = Debug|Any CPU
		{B97F003B-F40F-4313-9A87-EB0A151A4FF9}.Debug|x64.ActiveCfg = Debug|Any CPU
		{B97F003B-F40F-4313-9A87-EB0A151A4FF9}.Debug|x64.Build.0 = Debug|Any CPU
		{B97F003B-F40F-4313-9A87-EB0A151A4FF9}.Debug|x86.ActiveCfg = Debug|Any CPU
		{B97F003B-F40F-4313-9A87-EB0A151A4FF9}.Debug|x86.Build.0 = Debug|Any CPU
		{B97F003B-F40F-4313-9A87-EB0A151A4FF9}.Release|Any CPU.ActiveCfg = Release|Any CPU
		{B97F003B-F40F-4313-9A87-EB0A151A4FF9}.Release|Any CPU.Build.0 = Release|Any CPU
		{B97F003B-F40F-4313-9A87-EB0A151A4FF9}.Release|x64.ActiveCfg = Release|Any CPU
		{B97F003B-F40F-4313-9A87-EB0A151A4FF9}.Release|x64.Build.0 = Release|Any CPU
		{B97F003B-F40F-4313-9A87-EB0A151A4FF9}.Release|x86.ActiveCfg = Release|Any CPU
		{B97F003B-F40F-4313-9A87-EB0A151A4FF9}.Release|x86.Build.0 = Release|Any CPU
		{E728C248-6A0F-4172-B1EC-E70E639E3EC7}.Debug|Any CPU.ActiveCfg = Debug|Any CPU
		{E728C248-6A0F-4172-B1EC-E70E639E3EC7}.Debug|Any CPU.Build.0 = Debug|Any CPU
		{E728C248-6A0F-4172-B1EC-E70E639E3EC7}.Debug|x64.ActiveCfg = Debug|Any CPU
		{E728C248-6A0F-4172-B1EC-E70E639E3EC7}.Debug|x64.Build.0 = Debug|Any CPU
		{E728C248-6A0F-4172-B1EC-E70E639E3EC7}.Debug|x86.ActiveCfg = Debug|Any CPU
		{E728C248-6A0F-4172-B1EC-E70E639E3EC7}.Debug|x86.Build.0 = Debug|Any CPU
		{E728C248-6A0F-4172-B1EC-E70E639E3EC7}.Release|Any CPU.ActiveCfg = Release|Any CPU
		{E728C248-6A0F-4172-B1EC-E70E639E3EC7}.Release|Any CPU.Build.0 = Release|Any CPU
		{E728C248-6A0F-4172-B1EC-E70E639E3EC7}.Release|x64.ActiveCfg = Release|Any CPU
		{E728C248-6A0F-4172-B1EC-E70E639E3EC7}.Release|x64.Build.0 = Release|Any CPU
		{E728C248-6A0F-4172-B1EC-E70E639E3EC7}.Release|x86.ActiveCfg = Release|Any CPU
		{E728C248-6A0F-4172-B1EC-E70E639E3EC7}.Release|x86.Build.0 = Release|Any CPU
		{44858CFC-9C7F-4371-BCA7-F9FA73CFFBC9}.Debug|Any CPU.ActiveCfg = Debug|Any CPU
		{44858CFC-9C7F-4371-BCA7-F9FA73CFFBC9}.Debug|Any CPU.Build.0 = Debug|Any CPU
		{44858CFC-9C7F-4371-BCA7-F9FA73CFFBC9}.Debug|x64.ActiveCfg = Debug|Any CPU
		{44858CFC-9C7F-4371-BCA7-F9FA73CFFBC9}.Debug|x64.Build.0 = Debug|Any CPU
		{44858CFC-9C7F-4371-BCA7-F9FA73CFFBC9}.Debug|x86.ActiveCfg = Debug|Any CPU
		{44858CFC-9C7F-4371-BCA7-F9FA73CFFBC9}.Debug|x86.Build.0 = Debug|Any CPU
		{44858CFC-9C7F-4371-BCA7-F9FA73CFFBC9}.Release|Any CPU.ActiveCfg = Release|Any CPU
		{44858CFC-9C7F-4371-BCA7-F9FA73CFFBC9}.Release|Any CPU.Build.0 = Release|Any CPU
		{44858CFC-9C7F-4371-BCA7-F9FA73CFFBC9}.Release|x64.ActiveCfg = Release|Any CPU
		{44858CFC-9C7F-4371-BCA7-F9FA73CFFBC9}.Release|x64.Build.0 = Release|Any CPU
		{44858CFC-9C7F-4371-BCA7-F9FA73CFFBC9}.Release|x86.ActiveCfg = Release|Any CPU
		{44858CFC-9C7F-4371-BCA7-F9FA73CFFBC9}.Release|x86.Build.0 = Release|Any CPU
		{9BF5EAA5-8D6E-4353-9052-530FF4F3CA3E}.Debug|Any CPU.ActiveCfg = Debug|Any CPU
		{9BF5EAA5-8D6E-4353-9052-530FF4F3CA3E}.Debug|Any CPU.Build.0 = Debug|Any CPU
		{9BF5EAA5-8D6E-4353-9052-530FF4F3CA3E}.Debug|x64.ActiveCfg = Debug|Any CPU
		{9BF5EAA5-8D6E-4353-9052-530FF4F3CA3E}.Debug|x64.Build.0 = Debug|Any CPU
		{9BF5EAA5-8D6E-4353-9052-530FF4F3CA3E}.Debug|x86.ActiveCfg = Debug|Any CPU
		{9BF5EAA5-8D6E-4353-9052-530FF4F3CA3E}.Debug|x86.Build.0 = Debug|Any CPU
		{9BF5EAA5-8D6E-4353-9052-530FF4F3CA3E}.Release|Any CPU.ActiveCfg = Release|Any CPU
		{9BF5EAA5-8D6E-4353-9052-530FF4F3CA3E}.Release|Any CPU.Build.0 = Release|Any CPU
		{9BF5EAA5-8D6E-4353-9052-530FF4F3CA3E}.Release|x64.ActiveCfg = Release|Any CPU
		{9BF5EAA5-8D6E-4353-9052-530FF4F3CA3E}.Release|x64.Build.0 = Release|Any CPU
		{9BF5EAA5-8D6E-4353-9052-530FF4F3CA3E}.Release|x86.ActiveCfg = Release|Any CPU
		{9BF5EAA5-8D6E-4353-9052-530FF4F3CA3E}.Release|x86.Build.0 = Release|Any CPU
		{19D66940-0EB1-4B35-B2D1-2F5CCE0CC86F}.Debug|Any CPU.ActiveCfg = Debug|Any CPU
		{19D66940-0EB1-4B35-B2D1-2F5CCE0CC86F}.Debug|Any CPU.Build.0 = Debug|Any CPU
		{19D66940-0EB1-4B35-B2D1-2F5CCE0CC86F}.Debug|x64.ActiveCfg = Debug|Any CPU
		{19D66940-0EB1-4B35-B2D1-2F5CCE0CC86F}.Debug|x64.Build.0 = Debug|Any CPU
		{19D66940-0EB1-4B35-B2D1-2F5CCE0CC86F}.Debug|x86.ActiveCfg = Debug|Any CPU
		{19D66940-0EB1-4B35-B2D1-2F5CCE0CC86F}.Debug|x86.Build.0 = Debug|Any CPU
		{19D66940-0EB1-4B35-B2D1-2F5CCE0CC86F}.Release|Any CPU.ActiveCfg = Release|Any CPU
		{19D66940-0EB1-4B35-B2D1-2F5CCE0CC86F}.Release|Any CPU.Build.0 = Release|Any CPU
		{19D66940-0EB1-4B35-B2D1-2F5CCE0CC86F}.Release|x64.ActiveCfg = Release|Any CPU
		{19D66940-0EB1-4B35-B2D1-2F5CCE0CC86F}.Release|x64.Build.0 = Release|Any CPU
		{19D66940-0EB1-4B35-B2D1-2F5CCE0CC86F}.Release|x86.ActiveCfg = Release|Any CPU
		{19D66940-0EB1-4B35-B2D1-2F5CCE0CC86F}.Release|x86.Build.0 = Release|Any CPU
		{582BE2BB-947D-4807-8E0A-55FA1259E93D}.Debug|Any CPU.ActiveCfg = Debug|Any CPU
		{582BE2BB-947D-4807-8E0A-55FA1259E93D}.Debug|Any CPU.Build.0 = Debug|Any CPU
		{582BE2BB-947D-4807-8E0A-55FA1259E93D}.Debug|x64.ActiveCfg = Debug|Any CPU
		{582BE2BB-947D-4807-8E0A-55FA1259E93D}.Debug|x64.Build.0 = Debug|Any CPU
		{582BE2BB-947D-4807-8E0A-55FA1259E93D}.Debug|x86.ActiveCfg = Debug|Any CPU
		{582BE2BB-947D-4807-8E0A-55FA1259E93D}.Debug|x86.Build.0 = Debug|Any CPU
		{582BE2BB-947D-4807-8E0A-55FA1259E93D}.Release|Any CPU.ActiveCfg = Release|Any CPU
		{582BE2BB-947D-4807-8E0A-55FA1259E93D}.Release|Any CPU.Build.0 = Release|Any CPU
		{582BE2BB-947D-4807-8E0A-55FA1259E93D}.Release|x64.ActiveCfg = Release|Any CPU
		{582BE2BB-947D-4807-8E0A-55FA1259E93D}.Release|x64.Build.0 = Release|Any CPU
		{582BE2BB-947D-4807-8E0A-55FA1259E93D}.Release|x86.ActiveCfg = Release|Any CPU
		{582BE2BB-947D-4807-8E0A-55FA1259E93D}.Release|x86.Build.0 = Release|Any CPU
	EndGlobalSection
	GlobalSection(SolutionProperties) = preSolution
		HideSolutionNode = FALSE
	EndGlobalSection
	GlobalSection(NestedProjects) = preSolution
		{A4BF474A-A148-466A-9DA2-3C29660ED9AF} = {C7BC205A-7ABD-43E8-AABC-232F4C519ABB}
		{ED90AAC0-EEA1-4E1A-BD06-80DF56799D51} = {C7BC205A-7ABD-43E8-AABC-232F4C519ABB}
		{0748DBE9-5E75-46BD-B87B-52D4C1CC2AAA} = {C7BC205A-7ABD-43E8-AABC-232F4C519ABB}
		{70FCF468-E275-4AC3-AE15-5B927C1CFC47} = {C7BC205A-7ABD-43E8-AABC-232F4C519ABB}
		{B97F003B-F40F-4313-9A87-EB0A151A4FF9} = {616757C4-B72A-4E08-8702-0E2912434061}
		{E728C248-6A0F-4172-B1EC-E70E639E3EC7} = {616757C4-B72A-4E08-8702-0E2912434061}
		{44858CFC-9C7F-4371-BCA7-F9FA73CFFBC9} = {C7BC205A-7ABD-43E8-AABC-232F4C519ABB}
		{9BF5EAA5-8D6E-4353-9052-530FF4F3CA3E} = {DE4AC333-3119-4185-BC37-39D75B71712D}
		{19D66940-0EB1-4B35-B2D1-2F5CCE0CC86F} = {DE4AC333-3119-4185-BC37-39D75B71712D}
		{582BE2BB-947D-4807-8E0A-55FA1259E93D} = {DE4AC333-3119-4185-BC37-39D75B71712D}
	EndGlobalSection
	GlobalSection(ExtensibilityGlobals) = postSolution
		SolutionGuid = {6B2CEE02-5380-42B1-9B90-43694741D984}
	EndGlobalSection
EndGlobal
